// !$*UTF8*$!
{
	archiveVersion = 1;
	classes = {
	};
	objectVersion = 77;
	objects = {

/* Begin PBXBuildFile section */
		005E0F995DD16933C0AC8E21 /* ParamsPanelView.swift in Sources */ = {isa = PBXBuildFile; fileRef = 3E0D1BE1ACA287BD149D4668 /* ParamsPanelView.swift */; };
		01C09E74CDB06D0262D98855 /* BinaryDetector.swift in Sources */ = {isa = PBXBuildFile; fileRef = A8EABE58BCB04CF6EDBF9751 /* BinaryDetector.swift */; };
		01EC5BBB642DD0CE2EB3D400 /* MfluxInstaller.swift in Sources */ = {isa = PBXBuildFile; fileRef = 014853D76AFC31CB2CC63B45 /* MfluxInstaller.swift */; };
		02D8D41604DC3742D5AF6F3B /* BBoxKeyCatcher.swift in Sources */ = {isa = PBXBuildFile; fileRef = 3FF15C1E147BEBBF910FCDEB /* BBoxKeyCatcher.swift */; };
		05AD4C861994526C8680D4C6 /* SectionCard.swift in Sources */ = {isa = PBXBuildFile; fileRef = 1CAFABDBFAB1501FDEBA8F28 /* SectionCard.swift */; };
		0656414DEF830D93E90FBA77 /* BatchMenuButton.swift in Sources */ = {isa = PBXBuildFile; fileRef = 6CD54E0519CA91161F18FF31 /* BatchMenuButton.swift */; };
		0BB3953DA1DD49FF37B3DBEB /* GenerationGalleryView.swift in Sources */ = {isa = PBXBuildFile; fileRef = B8FD595FF908251904AF94B9 /* GenerationGalleryView.swift */; };
		0C16B16763774DCD7712F5A1 /* IdeogramCaption.swift in Sources */ = {isa = PBXBuildFile; fileRef = 607FDAD831E19BE75C734220 /* IdeogramCaption.swift */; };
		0CD5F4DB195D8D25AB8BB891 /* MetadataSidecar.swift in Sources */ = {isa = PBXBuildFile; fileRef = 529C1CDA0E09FB681D68CA6E /* MetadataSidecar.swift */; };
		1650803712A3824AA0802E4C /* IdeogramCaptionEditorView+Actions.swift in Sources */ = {isa = PBXBuildFile; fileRef = A1C8704700A92EDD979FE683 /* IdeogramCaptionEditorView+Actions.swift */; };
		17BB82D3EA71B0E329AAC2BE /* LoraManagerView.swift in Sources */ = {isa = PBXBuildFile; fileRef = E51BC029522E1FCAFAE847DA /* LoraManagerView.swift */; };
		1F93BC153012C85DB80B983C /* Ideogram4JobRunner.swift in Sources */ = {isa = PBXBuildFile; fileRef = E083E8B6FB269CF2517A093C /* Ideogram4JobRunner.swift */; };
		2C2107249D1FC87AFF119DAC /* PreviewPaneView.swift in Sources */ = {isa = PBXBuildFile; fileRef = 529F6252BB3465DC42AC9B18 /* PreviewPaneView.swift */; };
		2CE5231419CEA80AC78A2EEB /* ContentView.swift in Sources */ = {isa = PBXBuildFile; fileRef = 0DFB6BA799C59DAA55470EC3 /* ContentView.swift */; };
		2E333F44B71226EA3F597955 /* BBoxEditorView+Canvas.swift in Sources */ = {isa = PBXBuildFile; fileRef = 643242A3C81BC94AA1B5A99C /* BBoxEditorView+Canvas.swift */; };
		2ED8533D337CC7476CBE8A99 /* KeychainHelper.swift in Sources */ = {isa = PBXBuildFile; fileRef = D923D32E0D737D888C711FE7 /* KeychainHelper.swift */; };
		32CD239EE81E711BFC106E6F /* BBoxEditorView.swift in Sources */ = {isa = PBXBuildFile; fileRef = 7487A27C328B569EF618E3BC /* BBoxEditorView.swift */; };
		33125733D3597F7D7B7D8367 /* Assets.xcassets in Resources */ = {isa = PBXBuildFile; fileRef = 174F374D4B5F7A05666D31B3 /* Assets.xcassets */; };
		3C726FBF0194D16AF5DCA047 /* PromptTemplate.swift in Sources */ = {isa = PBXBuildFile; fileRef = B5A80EFA17087C3CF5ED894C /* PromptTemplate.swift */; };
		475A8B7C2E1AEE605A9C3580 /* GalleryCollectionView.swift in Sources */ = {isa = PBXBuildFile; fileRef = DFDF82C6CF821F889C1B0CAA /* GalleryCollectionView.swift */; };
		4C4DEBC9788F57D3627E47CC /* ThumbnailCache.swift in Sources */ = {isa = PBXBuildFile; fileRef = 84AE08701FD2D1A4EDA2DFB5 /* ThumbnailCache.swift */; };
		4D8B913A094AAFE181207AB2 /* SettingsView.swift in Sources */ = {isa = PBXBuildFile; fileRef = A31CFEFF049480510A99BB2F /* SettingsView.swift */; };
		4FD42F907391F75AC15E4CA3 /* CompletedImageView.swift in Sources */ = {isa = PBXBuildFile; fileRef = 6BE742047832D58C8A2B4E46 /* CompletedImageView.swift */; };
		517F419A238A38CFD483F7F1 /* IdeogramCaptionEditorView.swift in Sources */ = {isa = PBXBuildFile; fileRef = DADA0C328F3708CF2C7C7456 /* IdeogramCaptionEditorView.swift */; };
		548558CE3A5754082C60AD8E /* LoraEntry.swift in Sources */ = {isa = PBXBuildFile; fileRef = B2E81D7DE425AAF8EF038DEC /* LoraEntry.swift */; };
		5A84D23E49ADE5A737D442E7 /* ideogram_caption_prompt.md in Resources */ = {isa = PBXBuildFile; fileRef = C8E7E429B7E1355569571155 /* ideogram_caption_prompt.md */; };
		639CA53247594FC6C48CE257 /* ModelPickerView.swift in Sources */ = {isa = PBXBuildFile; fileRef = DF06B9D6A24A54D4EB22F6EA /* ModelPickerView.swift */; };
		65E93BDC06E71759215E9C61 /* Ideogram4Job.swift in Sources */ = {isa = PBXBuildFile; fileRef = 2E769B611A03FA4372F553CA /* Ideogram4Job.swift */; };
		66343C5D9463A03976D60C07 /* InsetTextEditor.swift in Sources */ = {isa = PBXBuildFile; fileRef = AADB0159980B7D99BDE55C34 /* InsetTextEditor.swift */; };
		67E20D03F48F76817A738C86 /* ModelDefaultsView+Forms.swift in Sources */ = {isa = PBXBuildFile; fileRef = 318C96A132452AB2AC3F26D5 /* ModelDefaultsView+Forms.swift */; };
		6B4A7C4FEE6A46B30749A080 /* OutputDirectoryPromptView.swift in Sources */ = {isa = PBXBuildFile; fileRef = 141CB0282F7313611083C575 /* OutputDirectoryPromptView.swift */; };
		6EA849A3F3916E8506FAF825 /* FluxModelCatalog.swift in Sources */ = {isa = PBXBuildFile; fileRef = EB8EA10AEC906888FA045BF3 /* FluxModelCatalog.swift */; };
		761BF3221011C46CAC9E715C /* DimensionPickerView.swift in Sources */ = {isa = PBXBuildFile; fileRef = B29DBB0224B6FFEBB151E5A7 /* DimensionPickerView.swift */; };
		79A52A4EFE11E18330D636B9 /* PromptTemplatePickerView.swift in Sources */ = {isa = PBXBuildFile; fileRef = 3C3FB1B6C26FA3FEC50290D3 /* PromptTemplatePickerView.swift */; };
		7A4295660278E9FD1D06E5DC /* BBoxEditorView+Subviews.swift in Sources */ = {isa = PBXBuildFile; fileRef = 16A563E555A53728042A51DB /* BBoxEditorView+Subviews.swift */; };
		7BA338B1191C52728553F91B /* JobStore.swift in Sources */ = {isa = PBXBuildFile; fileRef = 8DF8DCD6AFA207134C719360 /* JobStore.swift */; };
		8C60284A9547C1107436C267 /* Ideogram4ParamsPanelState.swift in Sources */ = {isa = PBXBuildFile; fileRef = 57926FDFB7BD2FF38C94E765 /* Ideogram4ParamsPanelState.swift */; };
		8DAF2E907B2C91E89F817835 /* StepwisePreviewView.swift in Sources */ = {isa = PBXBuildFile; fileRef = DDF4EE70D84ED34589363FC7 /* StepwisePreviewView.swift */; };
		8F06B91D903EE9A1417F6084 /* ModelFamily.swift in Sources */ = {isa = PBXBuildFile; fileRef = 2CDEE5ACF45EAB01F0E6CEF8 /* ModelFamily.swift */; };
		932581AC6ABF9B321570FCB3 /* MLXBitsImageStudioApp.swift in Sources */ = {isa = PBXBuildFile; fileRef = AAF31F61799658BA5ECA26FB /* MLXBitsImageStudioApp.swift */; };
		9634A94E65107FFB9FC4E051 /* FluxJob.swift in Sources */ = {isa = PBXBuildFile; fileRef = 91C5CA95EAA14C772647C853 /* FluxJob.swift */; };
		96FC70E999A49888475CAC44 /* BBoxGeometry.swift in Sources */ = {isa = PBXBuildFile; fileRef = 4AC22DC8CEFD9979A14A45B7 /* BBoxGeometry.swift */; };
		98F3EB2D2AA67C58F9BB4804 /* SectionContainerView.swift in Sources */ = {isa = PBXBuildFile; fileRef = D8158844AE746F9CE0CBED40 /* SectionContainerView.swift */; };
		A5D3A2FB01447DB16652D5DA /* FolderComboBox.swift in Sources */ = {isa = PBXBuildFile; fileRef = 96B20E83673119F893B43BBB /* FolderComboBox.swift */; };
		A5E4FC7135897262F01BA62D /* JobProgressParser.swift in Sources */ = {isa = PBXBuildFile; fileRef = FBF3A51D0D654A2A38BA493B /* JobProgressParser.swift */; };
		A6509F3BDE674DAEE4544546 /* GalleryItemDetailView.swift in Sources */ = {isa = PBXBuildFile; fileRef = 0BD48898676BEAF41974673E /* GalleryItemDetailView.swift */; };
		A8FE71ACDB9C1020D2FCD2AF /* QueueDrawerView.swift in Sources */ = {isa = PBXBuildFile; fileRef = B8267201457AFA5F9183A5C3 /* QueueDrawerView.swift */; };
		AA3B15080A95CD480EEFE58E /* ModelDefaultsView.swift in Sources */ = {isa = PBXBuildFile; fileRef = 64A7412A576F846395336217 /* ModelDefaultsView.swift */; };
		B08D7C57B54E52F41D91B8AD /* Ideogram4ParamsPanelView.swift in Sources */ = {isa = PBXBuildFile; fileRef = 93FDF598D2EFF5DA1D382120 /* Ideogram4ParamsPanelView.swift */; };
		C3026C4F528E4C48E54F1B18 /* FluxJobRunner.swift in Sources */ = {isa = PBXBuildFile; fileRef = 3F82D2B38FB37FC37847BB07 /* FluxJobRunner.swift */; };
		C39DDE672CEEACCB8116B7B7 /* PassiveTextField.swift in Sources */ = {isa = PBXBuildFile; fileRef = 221656805C1026EDD0D6B9EA /* PassiveTextField.swift */; };
		C9BB5D5DC950F0CF9D565CB5 /* BBoxEditorView+Gestures.swift in Sources */ = {isa = PBXBuildFile; fileRef = 6E9CF53C1CEFCECFF3FE2374 /* BBoxEditorView+Gestures.swift */; };
		CC5BB2544F37500F928E8399 /* AppSettings.swift in Sources */ = {isa = PBXBuildFile; fileRef = 3C3C1F3A0AA78460E83FD525 /* AppSettings.swift */; };
		D0AAAABB26407B93F0126BDA /* UvInstaller.swift in Sources */ = {isa = PBXBuildFile; fileRef = 562FDB8B64EB1EEFFA0FFC6D /* UvInstaller.swift */; };
		DB9493BA714715D9A5EAA040 /* DimensionSliderRow.swift in Sources */ = {isa = PBXBuildFile; fileRef = 86F98F9F31228EFCA1201025 /* DimensionSliderRow.swift */; };
		DDADD3C50B04B2550F527A4C /* Ideogram4Preset.swift in Sources */ = {isa = PBXBuildFile; fileRef = 915F5EABE3BC064418630BC8 /* Ideogram4Preset.swift */; };
		E3AFA2AD37A47559BE6AF63B /* ImageMetadataPanel.swift in Sources */ = {isa = PBXBuildFile; fileRef = D776D62562D137DBCD692E19 /* ImageMetadataPanel.swift */; };
		E9CA85A03944BAC9A4FB9BA9 /* GalleryStore.swift in Sources */ = {isa = PBXBuildFile; fileRef = 6CB12782BB6D8B424591F3DE /* GalleryStore.swift */; };
		F05EFC3ABE1FE57C17649886 /* IdeogramCaptionGenerator.swift in Sources */ = {isa = PBXBuildFile; fileRef = B086672C5D7F5949A7B7E676 /* IdeogramCaptionGenerator.swift */; };
		F09E1151CBF07051EA0A79C7 /* ModelDefaultsView+Fields.swift in Sources */ = {isa = PBXBuildFile; fileRef = 7015DE736C39E5A054329074 /* ModelDefaultsView+Fields.swift */; };
		F14D3C7DD61093CF32259D13 /* InfoButton.swift in Sources */ = {isa = PBXBuildFile; fileRef = A0CBC2E2A6CCF99FAB3F5B32 /* InfoButton.swift */; };
		F93392996A4F3521EE07554F /* IdeogramElementCard.swift in Sources */ = {isa = PBXBuildFile; fileRef = 5FD144A29CF391319E64E65A /* IdeogramElementCard.swift */; };
		FAD7A841102F60BD95DC06FF /* GalleryItemView.swift in Sources */ = {isa = PBXBuildFile; fileRef = EB0CE758913192CEFE013E01 /* GalleryItemView.swift */; };
		FD3DB28C1C740FD6A090E796 /* Ideogram4JobStore.swift in Sources */ = {isa = PBXBuildFile; fileRef = FF983CF3653BD37AECF73856 /* Ideogram4JobStore.swift */; };
/* End PBXBuildFile section */

/* Begin PBXFileReference section */
		014853D76AFC31CB2CC63B45 /* MfluxInstaller.swift */ = {isa = PBXFileReference; lastKnownFileType = sourcecode.swift; path = MfluxInstaller.swift; sourceTree = "<group>"; };
		0BD48898676BEAF41974673E /* GalleryItemDetailView.swift */ = {isa = PBXFileReference; lastKnownFileType = sourcecode.swift; path = GalleryItemDetailView.swift; sourceTree = "<group>"; };
		0DFB6BA799C59DAA55470EC3 /* ContentView.swift */ = {isa = PBXFileReference; lastKnownFileType = sourcecode.swift; path = ContentView.swift; sourceTree = "<group>"; };
		141CB0282F7313611083C575 /* OutputDirectoryPromptView.swift */ = {isa = PBXFileReference; lastKnownFileType = sourcecode.swift; path = OutputDirectoryPromptView.swift; sourceTree = "<group>"; };
		16A563E555A53728042A51DB /* BBoxEditorView+Subviews.swift */ = {isa = PBXFileReference; lastKnownFileType = sourcecode.swift; path = "BBoxEditorView+Subviews.swift"; sourceTree = "<group>"; };
		174F374D4B5F7A05666D31B3 /* Assets.xcassets */ = {isa = PBXFileReference; lastKnownFileType = folder.assetcatalog; path = Assets.xcassets; sourceTree = "<group>"; };
		1CAFABDBFAB1501FDEBA8F28 /* SectionCard.swift */ = {isa = PBXFileReference; lastKnownFileType = sourcecode.swift; path = SectionCard.swift; sourceTree = "<group>"; };
		221656805C1026EDD0D6B9EA /* PassiveTextField.swift */ = {isa = PBXFileReference; lastKnownFileType = sourcecode.swift; path = PassiveTextField.swift; sourceTree = "<group>"; };
		2CDEE5ACF45EAB01F0E6CEF8 /* ModelFamily.swift */ = {isa = PBXFileReference; lastKnownFileType = sourcecode.swift; path = ModelFamily.swift; sourceTree = "<group>"; };
		2E769B611A03FA4372F553CA /* Ideogram4Job.swift */ = {isa = PBXFileReference; lastKnownFileType = sourcecode.swift; path = Ideogram4Job.swift; sourceTree = "<group>"; };
		318C96A132452AB2AC3F26D5 /* ModelDefaultsView+Forms.swift */ = {isa = PBXFileReference; lastKnownFileType = sourcecode.swift; path = "ModelDefaultsView+Forms.swift"; sourceTree = "<group>"; };
		3234A469CF76361C6396BF01 /* MLXBits Image Studio.app */ = {isa = PBXFileReference; explicitFileType = wrapper.application; includeInIndex = 0; path = "MLXBits Image Studio.app"; sourceTree = BUILT_PRODUCTS_DIR; };
		3C3C1F3A0AA78460E83FD525 /* AppSettings.swift */ = {isa = PBXFileReference; lastKnownFileType = sourcecode.swift; path = AppSettings.swift; sourceTree = "<group>"; };
		3C3FB1B6C26FA3FEC50290D3 /* PromptTemplatePickerView.swift */ = {isa = PBXFileReference; lastKnownFileType = sourcecode.swift; path = PromptTemplatePickerView.swift; sourceTree = "<group>"; };
		3E0D1BE1ACA287BD149D4668 /* ParamsPanelView.swift */ = {isa = PBXFileReference; lastKnownFileType = sourcecode.swift; path = ParamsPanelView.swift; sourceTree = "<group>"; };
		3F82D2B38FB37FC37847BB07 /* FluxJobRunner.swift */ = {isa = PBXFileReference; lastKnownFileType = sourcecode.swift; path = FluxJobRunner.swift; sourceTree = "<group>"; };
		3FF15C1E147BEBBF910FCDEB /* BBoxKeyCatcher.swift */ = {isa = PBXFileReference; lastKnownFileType = sourcecode.swift; path = BBoxKeyCatcher.swift; sourceTree = "<group>"; };
		4AC22DC8CEFD9979A14A45B7 /* BBoxGeometry.swift */ = {isa = PBXFileReference; lastKnownFileType = sourcecode.swift; path = BBoxGeometry.swift; sourceTree = "<group>"; };
		529C1CDA0E09FB681D68CA6E /* MetadataSidecar.swift */ = {isa = PBXFileReference; lastKnownFileType = sourcecode.swift; path = MetadataSidecar.swift; sourceTree = "<group>"; };
		529F6252BB3465DC42AC9B18 /* PreviewPaneView.swift */ = {isa = PBXFileReference; lastKnownFileType = sourcecode.swift; path = PreviewPaneView.swift; sourceTree = "<group>"; };
		562FDB8B64EB1EEFFA0FFC6D /* UvInstaller.swift */ = {isa = PBXFileReference; lastKnownFileType = sourcecode.swift; path = UvInstaller.swift; sourceTree = "<group>"; };
		57926FDFB7BD2FF38C94E765 /* Ideogram4ParamsPanelState.swift */ = {isa = PBXFileReference; lastKnownFileType = sourcecode.swift; path = Ideogram4ParamsPanelState.swift; sourceTree = "<group>"; };
		5FD144A29CF391319E64E65A /* IdeogramElementCard.swift */ = {isa = PBXFileReference; lastKnownFileType = sourcecode.swift; path = IdeogramElementCard.swift; sourceTree = "<group>"; };
		607FDAD831E19BE75C734220 /* IdeogramCaption.swift */ = {isa = PBXFileReference; lastKnownFileType = sourcecode.swift; path = IdeogramCaption.swift; sourceTree = "<group>"; };
		643242A3C81BC94AA1B5A99C /* BBoxEditorView+Canvas.swift */ = {isa = PBXFileReference; lastKnownFileType = sourcecode.swift; path = "BBoxEditorView+Canvas.swift"; sourceTree = "<group>"; };
		64A7412A576F846395336217 /* ModelDefaultsView.swift */ = {isa = PBXFileReference; lastKnownFileType = sourcecode.swift; path = ModelDefaultsView.swift; sourceTree = "<group>"; };
		6BE742047832D58C8A2B4E46 /* CompletedImageView.swift */ = {isa = PBXFileReference; lastKnownFileType = sourcecode.swift; path = CompletedImageView.swift; sourceTree = "<group>"; };
		6CB12782BB6D8B424591F3DE /* GalleryStore.swift */ = {isa = PBXFileReference; lastKnownFileType = sourcecode.swift; path = GalleryStore.swift; sourceTree = "<group>"; };
		6CD54E0519CA91161F18FF31 /* BatchMenuButton.swift */ = {isa = PBXFileReference; lastKnownFileType = sourcecode.swift; path = BatchMenuButton.swift; sourceTree = "<group>"; };
		6E9CF53C1CEFCECFF3FE2374 /* BBoxEditorView+Gestures.swift */ = {isa = PBXFileReference; lastKnownFileType = sourcecode.swift; path = "BBoxEditorView+Gestures.swift"; sourceTree = "<group>"; };
		7015DE736C39E5A054329074 /* ModelDefaultsView+Fields.swift */ = {isa = PBXFileReference; lastKnownFileType = sourcecode.swift; path = "ModelDefaultsView+Fields.swift"; sourceTree = "<group>"; };
		7487A27C328B569EF618E3BC /* BBoxEditorView.swift */ = {isa = PBXFileReference; lastKnownFileType = sourcecode.swift; path = BBoxEditorView.swift; sourceTree = "<group>"; };
		84AE08701FD2D1A4EDA2DFB5 /* ThumbnailCache.swift */ = {isa = PBXFileReference; lastKnownFileType = sourcecode.swift; path = ThumbnailCache.swift; sourceTree = "<group>"; };
		86F98F9F31228EFCA1201025 /* DimensionSliderRow.swift */ = {isa = PBXFileReference; lastKnownFileType = sourcecode.swift; path = DimensionSliderRow.swift; sourceTree = "<group>"; };
		8DF8DCD6AFA207134C719360 /* JobStore.swift */ = {isa = PBXFileReference; lastKnownFileType = sourcecode.swift; path = JobStore.swift; sourceTree = "<group>"; };
		915F5EABE3BC064418630BC8 /* Ideogram4Preset.swift */ = {isa = PBXFileReference; lastKnownFileType = sourcecode.swift; path = Ideogram4Preset.swift; sourceTree = "<group>"; };
		91C5CA95EAA14C772647C853 /* FluxJob.swift */ = {isa = PBXFileReference; lastKnownFileType = sourcecode.swift; path = FluxJob.swift; sourceTree = "<group>"; };
		93FDF598D2EFF5DA1D382120 /* Ideogram4ParamsPanelView.swift */ = {isa = PBXFileReference; lastKnownFileType = sourcecode.swift; path = Ideogram4ParamsPanelView.swift; sourceTree = "<group>"; };
		96B20E83673119F893B43BBB /* FolderComboBox.swift */ = {isa = PBXFileReference; lastKnownFileType = sourcecode.swift; path = FolderComboBox.swift; sourceTree = "<group>"; };
		A0CBC2E2A6CCF99FAB3F5B32 /* InfoButton.swift */ = {isa = PBXFileReference; lastKnownFileType = sourcecode.swift; path = InfoButton.swift; sourceTree = "<group>"; };
		A1C8704700A92EDD979FE683 /* IdeogramCaptionEditorView+Actions.swift */ = {isa = PBXFileReference; lastKnownFileType = sourcecode.swift; path = "IdeogramCaptionEditorView+Actions.swift"; sourceTree = "<group>"; };
		A31CFEFF049480510A99BB2F /* SettingsView.swift */ = {isa = PBXFileReference; lastKnownFileType = sourcecode.swift; path = SettingsView.swift; sourceTree = "<group>"; };
		A8EABE58BCB04CF6EDBF9751 /* BinaryDetector.swift */ = {isa = PBXFileReference; lastKnownFileType = sourcecode.swift; path = BinaryDetector.swift; sourceTree = "<group>"; };
		AADB0159980B7D99BDE55C34 /* InsetTextEditor.swift */ = {isa = PBXFileReference; lastKnownFileType = sourcecode.swift; path = InsetTextEditor.swift; sourceTree = "<group>"; };
		AAF31F61799658BA5ECA26FB /* MLXBitsImageStudioApp.swift */ = {isa = PBXFileReference; lastKnownFileType = sourcecode.swift; path = MLXBitsImageStudioApp.swift; sourceTree = "<group>"; };
		B086672C5D7F5949A7B7E676 /* IdeogramCaptionGenerator.swift */ = {isa = PBXFileReference; lastKnownFileType = sourcecode.swift; path = IdeogramCaptionGenerator.swift; sourceTree = "<group>"; };
		B29DBB0224B6FFEBB151E5A7 /* DimensionPickerView.swift */ = {isa = PBXFileReference; lastKnownFileType = sourcecode.swift; path = DimensionPickerView.swift; sourceTree = "<group>"; };
		B2E81D7DE425AAF8EF038DEC /* LoraEntry.swift */ = {isa = PBXFileReference; lastKnownFileType = sourcecode.swift; path = LoraEntry.swift; sourceTree = "<group>"; };
		B5A80EFA17087C3CF5ED894C /* PromptTemplate.swift */ = {isa = PBXFileReference; lastKnownFileType = sourcecode.swift; path = PromptTemplate.swift; sourceTree = "<group>"; };
		B8267201457AFA5F9183A5C3 /* QueueDrawerView.swift */ = {isa = PBXFileReference; lastKnownFileType = sourcecode.swift; path = QueueDrawerView.swift; sourceTree = "<group>"; };
		B8FD595FF908251904AF94B9 /* GenerationGalleryView.swift */ = {isa = PBXFileReference; lastKnownFileType = sourcecode.swift; path = GenerationGalleryView.swift; sourceTree = "<group>"; };
		C8E7E429B7E1355569571155 /* ideogram_caption_prompt.md */ = {isa = PBXFileReference; lastKnownFileType = net.daringfireball.markdown; path = ideogram_caption_prompt.md; sourceTree = "<group>"; };
		D776D62562D137DBCD692E19 /* ImageMetadataPanel.swift */ = {isa = PBXFileReference; lastKnownFileType = sourcecode.swift; path = ImageMetadataPanel.swift; sourceTree = "<group>"; };
		D8158844AE746F9CE0CBED40 /* SectionContainerView.swift */ = {isa = PBXFileReference; lastKnownFileType = sourcecode.swift; path = SectionContainerView.swift; sourceTree = "<group>"; };
		D923D32E0D737D888C711FE7 /* KeychainHelper.swift */ = {isa = PBXFileReference; lastKnownFileType = sourcecode.swift; path = KeychainHelper.swift; sourceTree = "<group>"; };
		DADA0C328F3708CF2C7C7456 /* IdeogramCaptionEditorView.swift */ = {isa = PBXFileReference; lastKnownFileType = sourcecode.swift; path = IdeogramCaptionEditorView.swift; sourceTree = "<group>"; };
		DDF4EE70D84ED34589363FC7 /* StepwisePreviewView.swift */ = {isa = PBXFileReference; lastKnownFileType = sourcecode.swift; path = StepwisePreviewView.swift; sourceTree = "<group>"; };
		DF06B9D6A24A54D4EB22F6EA /* ModelPickerView.swift */ = {isa = PBXFileReference; lastKnownFileType = sourcecode.swift; path = ModelPickerView.swift; sourceTree = "<group>"; };
		DFDF82C6CF821F889C1B0CAA /* GalleryCollectionView.swift */ = {isa = PBXFileReference; lastKnownFileType = sourcecode.swift; path = GalleryCollectionView.swift; sourceTree = "<group>"; };
		E083E8B6FB269CF2517A093C /* Ideogram4JobRunner.swift */ = {isa = PBXFileReference; lastKnownFileType = sourcecode.swift; path = Ideogram4JobRunner.swift; sourceTree = "<group>"; };
		E51BC029522E1FCAFAE847DA /* LoraManagerView.swift */ = {isa = PBXFileReference; lastKnownFileType = sourcecode.swift; path = LoraManagerView.swift; sourceTree = "<group>"; };
		EB0CE758913192CEFE013E01 /* GalleryItemView.swift */ = {isa = PBXFileReference; lastKnownFileType = sourcecode.swift; path = GalleryItemView.swift; sourceTree = "<group>"; };
		EB8EA10AEC906888FA045BF3 /* FluxModelCatalog.swift */ = {isa = PBXFileReference; lastKnownFileType = sourcecode.swift; path = FluxModelCatalog.swift; sourceTree = "<group>"; };
		FBF3A51D0D654A2A38BA493B /* JobProgressParser.swift */ = {isa = PBXFileReference; lastKnownFileType = sourcecode.swift; path = JobProgressParser.swift; sourceTree = "<group>"; };
		FF983CF3653BD37AECF73856 /* Ideogram4JobStore.swift */ = {isa = PBXFileReference; lastKnownFileType = sourcecode.swift; path = Ideogram4JobStore.swift; sourceTree = "<group>"; };
/* End PBXFileReference section */

/* Begin PBXGroup section */
		03F175B8A6A79FC1A8184DE3 /* Queue */ = {
			isa = PBXGroup;
			children = (
				B8267201457AFA5F9183A5C3 /* QueueDrawerView.swift */,
			);
			path = Queue;
			sourceTree = "<group>";
		};
		117682124434130DAFA9B142 /* Utilities */ = {
			isa = PBXGroup;
			children = (
				A8EABE58BCB04CF6EDBF9751 /* BinaryDetector.swift */,
				B086672C5D7F5949A7B7E676 /* IdeogramCaptionGenerator.swift */,
				FBF3A51D0D654A2A38BA493B /* JobProgressParser.swift */,
				D923D32E0D737D888C711FE7 /* KeychainHelper.swift */,
				529C1CDA0E09FB681D68CA6E /* MetadataSidecar.swift */,
				014853D76AFC31CB2CC63B45 /* MfluxInstaller.swift */,
				84AE08701FD2D1A4EDA2DFB5 /* ThumbnailCache.swift */,
				562FDB8B64EB1EEFFA0FFC6D /* UvInstaller.swift */,
			);
			path = Utilities;
			sourceTree = "<group>";
		};
		3E5DE97DAACB7E26744F7BE9 /* Shared */ = {
			isa = PBXGroup;
			children = (
				6CD54E0519CA91161F18FF31 /* BatchMenuButton.swift */,
				86F98F9F31228EFCA1201025 /* DimensionSliderRow.swift */,
				D776D62562D137DBCD692E19 /* ImageMetadataPanel.swift */,
				A0CBC2E2A6CCF99FAB3F5B32 /* InfoButton.swift */,
				AADB0159980B7D99BDE55C34 /* InsetTextEditor.swift */,
				221656805C1026EDD0D6B9EA /* PassiveTextField.swift */,
				1CAFABDBFAB1501FDEBA8F28 /* SectionCard.swift */,
			);
			path = Shared;
			sourceTree = "<group>";
		};
		488186364822998F1551919C = {
			isa = PBXGroup;
			children = (
				E8F1DFE8F60EE409FB230CA2 /* App */,
				EF16D0F619C4921D0A476F26 /* Models */,
				AB119E2514CE274AB18259A7 /* Resources */,
				9F6BCBE28C9814EF7779D261 /* Runner */,
				F0AE2F196D188960303A9263 /* Stores */,
				117682124434130DAFA9B142 /* Utilities */,
				B710AC1696FB0682EE9DD323 /* Views */,
				59578468794BD12E79493C05 /* Products */,
			);
			sourceTree = "<group>";
		};
		59578468794BD12E79493C05 /* Products */ = {
			isa = PBXGroup;
			children = (
				3234A469CF76361C6396BF01 /* MLXBits Image Studio.app */,
			);
			name = Products;
			sourceTree = "<group>";
		};
		72528118E0360DB5F808B0BC /* ParamsPanel */ = {
			isa = PBXGroup;
			children = (
				B29DBB0224B6FFEBB151E5A7 /* DimensionPickerView.swift */,
				96B20E83673119F893B43BBB /* FolderComboBox.swift */,
				E51BC029522E1FCAFAE847DA /* LoraManagerView.swift */,
				DF06B9D6A24A54D4EB22F6EA /* ModelPickerView.swift */,
				3E0D1BE1ACA287BD149D4668 /* ParamsPanelView.swift */,
				3C3FB1B6C26FA3FEC50290D3 /* PromptTemplatePickerView.swift */,
				D8158844AE746F9CE0CBED40 /* SectionContainerView.swift */,
			);
			path = ParamsPanel;
			sourceTree = "<group>";
		};
		9F055965043A2B57DBE5B81A /* Ideogram4 */ = {
			isa = PBXGroup;
			children = (
				7487A27C328B569EF618E3BC /* BBoxEditorView.swift */,
				643242A3C81BC94AA1B5A99C /* BBoxEditorView+Canvas.swift */,
				6E9CF53C1CEFCECFF3FE2374 /* BBoxEditorView+Gestures.swift */,
				16A563E555A53728042A51DB /* BBoxEditorView+Subviews.swift */,
				4AC22DC8CEFD9979A14A45B7 /* BBoxGeometry.swift */,
				3FF15C1E147BEBBF910FCDEB /* BBoxKeyCatcher.swift */,
				57926FDFB7BD2FF38C94E765 /* Ideogram4ParamsPanelState.swift */,
				93FDF598D2EFF5DA1D382120 /* Ideogram4ParamsPanelView.swift */,
				DADA0C328F3708CF2C7C7456 /* IdeogramCaptionEditorView.swift */,
				A1C8704700A92EDD979FE683 /* IdeogramCaptionEditorView+Actions.swift */,
				5FD144A29CF391319E64E65A /* IdeogramElementCard.swift */,
			);
			path = Ideogram4;
			sourceTree = "<group>";
		};
		9F6BCBE28C9814EF7779D261 /* Runner */ = {
			isa = PBXGroup;
			children = (
				3F82D2B38FB37FC37847BB07 /* FluxJobRunner.swift */,
				E083E8B6FB269CF2517A093C /* Ideogram4JobRunner.swift */,
			);
			path = Runner;
			sourceTree = "<group>";
		};
		AB119E2514CE274AB18259A7 /* Resources */ = {
			isa = PBXGroup;
			children = (
				C8E7E429B7E1355569571155 /* ideogram_caption_prompt.md */,
			);
			path = Resources;
			sourceTree = "<group>";
		};
		AE6CA2D7C353EC349D6C918D /* Settings */ = {
			isa = PBXGroup;
			children = (
				64A7412A576F846395336217 /* ModelDefaultsView.swift */,
				7015DE736C39E5A054329074 /* ModelDefaultsView+Fields.swift */,
				318C96A132452AB2AC3F26D5 /* ModelDefaultsView+Forms.swift */,
				141CB0282F7313611083C575 /* OutputDirectoryPromptView.swift */,
				A31CFEFF049480510A99BB2F /* SettingsView.swift */,
			);
			path = Settings;
			sourceTree = "<group>";
		};
		B4967038153E9BBCF696B8BA /* PreviewPane */ = {
			isa = PBXGroup;
			children = (
				6BE742047832D58C8A2B4E46 /* CompletedImageView.swift */,
				0BD48898676BEAF41974673E /* GalleryItemDetailView.swift */,
				529F6252BB3465DC42AC9B18 /* PreviewPaneView.swift */,
				DDF4EE70D84ED34589363FC7 /* StepwisePreviewView.swift */,
			);
			path = PreviewPane;
			sourceTree = "<group>";
		};
		B710AC1696FB0682EE9DD323 /* Views */ = {
			isa = PBXGroup;
			children = (
				DB23B4F3B654A98909C6B6E3 /* Gallery */,
				9F055965043A2B57DBE5B81A /* Ideogram4 */,
				72528118E0360DB5F808B0BC /* ParamsPanel */,
				B4967038153E9BBCF696B8BA /* PreviewPane */,
				03F175B8A6A79FC1A8184DE3 /* Queue */,
				AE6CA2D7C353EC349D6C918D /* Settings */,
				3E5DE97DAACB7E26744F7BE9 /* Shared */,
			);
			path = Views;
			sourceTree = "<group>";
		};
		DB23B4F3B654A98909C6B6E3 /* Gallery */ = {
			isa = PBXGroup;
			children = (
				DFDF82C6CF821F889C1B0CAA /* GalleryCollectionView.swift */,
				EB0CE758913192CEFE013E01 /* GalleryItemView.swift */,
				B8FD595FF908251904AF94B9 /* GenerationGalleryView.swift */,
			);
			path = Gallery;
			sourceTree = "<group>";
		};
		E8F1DFE8F60EE409FB230CA2 /* App */ = {
			isa = PBXGroup;
			children = (
				174F374D4B5F7A05666D31B3 /* Assets.xcassets */,
				0DFB6BA799C59DAA55470EC3 /* ContentView.swift */,
				AAF31F61799658BA5ECA26FB /* MLXBitsImageStudioApp.swift */,
			);
			path = App;
			sourceTree = "<group>";
		};
		EF16D0F619C4921D0A476F26 /* Models */ = {
			isa = PBXGroup;
			children = (
				91C5CA95EAA14C772647C853 /* FluxJob.swift */,
				EB8EA10AEC906888FA045BF3 /* FluxModelCatalog.swift */,
				2E769B611A03FA4372F553CA /* Ideogram4Job.swift */,
				915F5EABE3BC064418630BC8 /* Ideogram4Preset.swift */,
				607FDAD831E19BE75C734220 /* IdeogramCaption.swift */,
				B2E81D7DE425AAF8EF038DEC /* LoraEntry.swift */,
				2CDEE5ACF45EAB01F0E6CEF8 /* ModelFamily.swift */,
				B5A80EFA17087C3CF5ED894C /* PromptTemplate.swift */,
			);
			path = Models;
			sourceTree = "<group>";
		};
		F0AE2F196D188960303A9263 /* Stores */ = {
			isa = PBXGroup;
			children = (
				3C3C1F3A0AA78460E83FD525 /* AppSettings.swift */,
				6CB12782BB6D8B424591F3DE /* GalleryStore.swift */,
				FF983CF3653BD37AECF73856 /* Ideogram4JobStore.swift */,
				8DF8DCD6AFA207134C719360 /* JobStore.swift */,
			);
			path = Stores;
			sourceTree = "<group>";
		};
/* End PBXGroup section */

/* Begin PBXNativeTarget section */
		FD361358DA78AED467EBF531 /* MLXBits Image Studio */ = {
			isa = PBXNativeTarget;
			buildConfigurationList = 11644E12E4E096464A3FE521 /* Build configuration list for PBXNativeTarget "MLXBits Image Studio" */;
			buildPhases = (
				8A2EBDD6948F6DB2B3683A0D /* SwiftFormat */,
				837DAB49D3E6174E37F3DCF8 /* SwiftLint */,
				7180A44B4EABA08AA5126CD2 /* Sources */,
				D55F446F21DA424762BAF739 /* Resources */,
			);
			buildRules = (
			);
			dependencies = (
			);
			name = "MLXBits Image Studio";
			packageProductDependencies = (
			);
			productName = "MLXBits Image Studio";
			productReference = 3234A469CF76361C6396BF01 /* MLXBits Image Studio.app */;
			productType = "com.apple.product-type.application";
		};
/* End PBXNativeTarget section */

/* Begin PBXProject section */
		9AEA2A5DAB777680E33673B0 /* Project object */ = {
			isa = PBXProject;
			attributes = {
				BuildIndependentTargetsInParallel = YES;
				LastUpgradeCheck = 2600;
				TargetAttributes = {
					FD361358DA78AED467EBF531 = {
						ProvisioningStyle = Automatic;
					};
				};
			};
			buildConfigurationList = 80B2D1A9A84BE0DFA37267DB /* Build configuration list for PBXProject "MLXBits Image Studio" */;
			developmentRegion = en;
			hasScannedForEncodings = 0;
			knownRegions = (
				Base,
				en,
			);
			mainGroup = 488186364822998F1551919C;
			minimizedProjectReferenceProxies = 1;
			preferredProjectObjectVersion = 77;
			productRefGroup = 59578468794BD12E79493C05 /* Products */;
			projectDirPath = "";
			projectRoot = "";
			targets = (
				FD361358DA78AED467EBF531 /* MLXBits Image Studio */,
			);
		};
/* End PBXProject section */

/* Begin PBXResourcesBuildPhase section */
		D55F446F21DA424762BAF739 /* Resources */ = {
			isa = PBXResourcesBuildPhase;
			buildActionMask = 2147483647;
			files = (
				33125733D3597F7D7B7D8367 /* Assets.xcassets in Resources */,
				5A84D23E49ADE5A737D442E7 /* ideogram_caption_prompt.md in Resources */,
			);
			runOnlyForDeploymentPostprocessing = 0;
		};
/* End PBXResourcesBuildPhase section */

/* Begin PBXShellScriptBuildPhase section */
		837DAB49D3E6174E37F3DCF8 /* SwiftLint */ = {
			isa = PBXShellScriptBuildPhase;
			alwaysOutOfDate = 1;
			buildActionMask = 2147483647;
			files = (
			);
			inputFileListPaths = (
			);
			inputPaths = (
			);
			name = SwiftLint;
			outputFileListPaths = (
			);
			outputPaths = (
			);
			runOnlyForDeploymentPostprocessing = 0;
			shellPath = /bin/sh;
			shellScript = "SWIFTLINT=/opt/homebrew/bin/swiftlint\nif [ -f \"$SWIFTLINT\" ]; then\n  \"$SWIFTLINT\" lint --config \"${SRCROOT}/.swiftlint.yml\"\nelse\n  echo \"warning: SwiftLint not installed — run: brew install swiftlint\"\nfi\n";
		};
		8A2EBDD6948F6DB2B3683A0D /* SwiftFormat */ = {
			isa = PBXShellScriptBuildPhase;
			alwaysOutOfDate = 1;
			buildActionMask = 2147483647;
			files = (
			);
			inputFileListPaths = (
			);
			inputPaths = (
			);
			name = SwiftFormat;
			outputFileListPaths = (
			);
			outputPaths = (
			);
			runOnlyForDeploymentPostprocessing = 0;
			shellPath = /bin/sh;
			shellScript = "SWIFTFORMAT=/opt/homebrew/bin/swiftformat\nif [ -f \"$SWIFTFORMAT\" ]; then\n  \"$SWIFTFORMAT\" --config \"${SRCROOT}/.swiftformat\" \"${SRCROOT}\"\nelse\n  echo \"warning: SwiftFormat not installed — run: brew install swiftformat\"\nfi\n";
		};
/* End PBXShellScriptBuildPhase section */

/* Begin PBXSourcesBuildPhase section */
		7180A44B4EABA08AA5126CD2 /* Sources */ = {
			isa = PBXSourcesBuildPhase;
			buildActionMask = 2147483647;
			files = (
				CC5BB2544F37500F928E8399 /* AppSettings.swift in Sources */,
				2E333F44B71226EA3F597955 /* BBoxEditorView+Canvas.swift in Sources */,
				C9BB5D5DC950F0CF9D565CB5 /* BBoxEditorView+Gestures.swift in Sources */,
				7A4295660278E9FD1D06E5DC /* BBoxEditorView+Subviews.swift in Sources */,
				32CD239EE81E711BFC106E6F /* BBoxEditorView.swift in Sources */,
				96FC70E999A49888475CAC44 /* BBoxGeometry.swift in Sources */,
				02D8D41604DC3742D5AF6F3B /* BBoxKeyCatcher.swift in Sources */,
				0656414DEF830D93E90FBA77 /* BatchMenuButton.swift in Sources */,
				01C09E74CDB06D0262D98855 /* BinaryDetector.swift in Sources */,
				4FD42F907391F75AC15E4CA3 /* CompletedImageView.swift in Sources */,
				2CE5231419CEA80AC78A2EEB /* ContentView.swift in Sources */,
				761BF3221011C46CAC9E715C /* DimensionPickerView.swift in Sources */,
				DB9493BA714715D9A5EAA040 /* DimensionSliderRow.swift in Sources */,
				9634A94E65107FFB9FC4E051 /* FluxJob.swift in Sources */,
				C3026C4F528E4C48E54F1B18 /* FluxJobRunner.swift in Sources */,
				6EA849A3F3916E8506FAF825 /* FluxModelCatalog.swift in Sources */,
				A5D3A2FB01447DB16652D5DA /* FolderComboBox.swift in Sources */,
				475A8B7C2E1AEE605A9C3580 /* GalleryCollectionView.swift in Sources */,
				A6509F3BDE674DAEE4544546 /* GalleryItemDetailView.swift in Sources */,
				FAD7A841102F60BD95DC06FF /* GalleryItemView.swift in Sources */,
				E9CA85A03944BAC9A4FB9BA9 /* GalleryStore.swift in Sources */,
				0BB3953DA1DD49FF37B3DBEB /* GenerationGalleryView.swift in Sources */,
				65E93BDC06E71759215E9C61 /* Ideogram4Job.swift in Sources */,
				1F93BC153012C85DB80B983C /* Ideogram4JobRunner.swift in Sources */,
				FD3DB28C1C740FD6A090E796 /* Ideogram4JobStore.swift in Sources */,
				8C60284A9547C1107436C267 /* Ideogram4ParamsPanelState.swift in Sources */,
				B08D7C57B54E52F41D91B8AD /* Ideogram4ParamsPanelView.swift in Sources */,
				DDADD3C50B04B2550F527A4C /* Ideogram4Preset.swift in Sources */,
				0C16B16763774DCD7712F5A1 /* IdeogramCaption.swift in Sources */,
				1650803712A3824AA0802E4C /* IdeogramCaptionEditorView+Actions.swift in Sources */,
				517F419A238A38CFD483F7F1 /* IdeogramCaptionEditorView.swift in Sources */,
				F05EFC3ABE1FE57C17649886 /* IdeogramCaptionGenerator.swift in Sources */,
				F93392996A4F3521EE07554F /* IdeogramElementCard.swift in Sources */,
				E3AFA2AD37A47559BE6AF63B /* ImageMetadataPanel.swift in Sources */,
				F14D3C7DD61093CF32259D13 /* InfoButton.swift in Sources */,
				66343C5D9463A03976D60C07 /* InsetTextEditor.swift in Sources */,
				A5E4FC7135897262F01BA62D /* JobProgressParser.swift in Sources */,
				7BA338B1191C52728553F91B /* JobStore.swift in Sources */,
				2ED8533D337CC7476CBE8A99 /* KeychainHelper.swift in Sources */,
				548558CE3A5754082C60AD8E /* LoraEntry.swift in Sources */,
				17BB82D3EA71B0E329AAC2BE /* LoraManagerView.swift in Sources */,
				932581AC6ABF9B321570FCB3 /* MLXBitsImageStudioApp.swift in Sources */,
				0CD5F4DB195D8D25AB8BB891 /* MetadataSidecar.swift in Sources */,
				01EC5BBB642DD0CE2EB3D400 /* MfluxInstaller.swift in Sources */,
				F09E1151CBF07051EA0A79C7 /* ModelDefaultsView+Fields.swift in Sources */,
				67E20D03F48F76817A738C86 /* ModelDefaultsView+Forms.swift in Sources */,
				AA3B15080A95CD480EEFE58E /* ModelDefaultsView.swift in Sources */,
				8F06B91D903EE9A1417F6084 /* ModelFamily.swift in Sources */,
				639CA53247594FC6C48CE257 /* ModelPickerView.swift in Sources */,
				6B4A7C4FEE6A46B30749A080 /* OutputDirectoryPromptView.swift in Sources */,
				005E0F995DD16933C0AC8E21 /* ParamsPanelView.swift in Sources */,
				C39DDE672CEEACCB8116B7B7 /* PassiveTextField.swift in Sources */,
				2C2107249D1FC87AFF119DAC /* PreviewPaneView.swift in Sources */,
				3C726FBF0194D16AF5DCA047 /* PromptTemplate.swift in Sources */,
				79A52A4EFE11E18330D636B9 /* PromptTemplatePickerView.swift in Sources */,
				A8FE71ACDB9C1020D2FCD2AF /* QueueDrawerView.swift in Sources */,
				05AD4C861994526C8680D4C6 /* SectionCard.swift in Sources */,
				98F3EB2D2AA67C58F9BB4804 /* SectionContainerView.swift in Sources */,
				4D8B913A094AAFE181207AB2 /* SettingsView.swift in Sources */,
				8DAF2E907B2C91E89F817835 /* StepwisePreviewView.swift in Sources */,
				4C4DEBC9788F57D3627E47CC /* ThumbnailCache.swift in Sources */,
				D0AAAABB26407B93F0126BDA /* UvInstaller.swift in Sources */,
			);
			runOnlyForDeploymentPostprocessing = 0;
		};
/* End PBXSourcesBuildPhase section */

/* Begin XCBuildConfiguration section */
		0B11ECDD2C74C4303160A53E /* Debug */ = {
			isa = XCBuildConfiguration;
			buildSettings = {
				ASSETCATALOG_COMPILER_APPICON_NAME = AppIcon;
				CODE_SIGN_ENTITLEMENTS = Resources/MLXBits_Image_Studio.entitlements;
				COMBINE_HIDPI_IMAGES = YES;
				INFOPLIST_FILE = Resources/Info.plist;
				LD_RUNPATH_SEARCH_PATHS = (
					"$(inherited)",
					"@executable_path/../Frameworks",
				);
				PRODUCT_BUNDLE_IDENTIFIER = "com.mlxbits.image-studio";
				PRODUCT_NAME = "MLXBits Image Studio";
				SDKROOT = macosx;
			};
			name = Debug;
		};
		13DBFCB45D040ECB77F5F2F6 /* Release */ = {
			isa = XCBuildConfiguration;
			buildSettings = {
				ASSETCATALOG_COMPILER_APPICON_NAME = AppIcon;
				CODE_SIGN_ENTITLEMENTS = Resources/MLXBits_Image_Studio.entitlements;
				COMBINE_HIDPI_IMAGES = YES;
				INFOPLIST_FILE = Resources/Info.plist;
				LD_RUNPATH_SEARCH_PATHS = (
					"$(inherited)",
					"@executable_path/../Frameworks",
				);
				PRODUCT_BUNDLE_IDENTIFIER = "com.mlxbits.image-studio";
				PRODUCT_NAME = "MLXBits Image Studio";
				SDKROOT = macosx;
			};
			name = Release;
		};
		99A79175BAB8DC0E2C7FADCA /* Debug */ = {
			isa = XCBuildConfiguration;
			buildSettings = {
				ALWAYS_SEARCH_USER_PATHS = NO;
				CLANG_ANALYZER_NONNULL = YES;
				CLANG_ANALYZER_NUMBER_OBJECT_CONVERSION = YES_AGGRESSIVE;
				CLANG_CXX_LANGUAGE_STANDARD = "gnu++14";
				CLANG_CXX_LIBRARY = "libc++";
				CLANG_ENABLE_MODULES = YES;
				CLANG_ENABLE_OBJC_ARC = YES;
				CLANG_ENABLE_OBJC_WEAK = YES;
				CLANG_WARN_BLOCK_CAPTURE_AUTORELEASING = YES;
				CLANG_WARN_BOOL_CONVERSION = YES;
				CLANG_WARN_COMMA = YES;
				CLANG_WARN_CONSTANT_CONVERSION = YES;
				CLANG_WARN_DEPRECATED_OBJC_IMPLEMENTATIONS = YES;
				CLANG_WARN_DIRECT_OBJC_ISA_USAGE = YES_ERROR;
				CLANG_WARN_DOCUMENTATION_COMMENTS = YES;
				CLANG_WARN_EMPTY_BODY = YES;
				CLANG_WARN_ENUM_CONVERSION = YES;
				CLANG_WARN_INFINITE_RECURSION = YES;
				CLANG_WARN_INT_CONVERSION = YES;
				CLANG_WARN_NON_LITERAL_NULL_CONVERSION = YES;
				CLANG_WARN_OBJC_IMPLICIT_RETAIN_SELF = YES;
				CLANG_WARN_OBJC_LITERAL_CONVERSION = YES;
				CLANG_WARN_OBJC_ROOT_CLASS = YES_ERROR;
				CLANG_WARN_QUOTED_INCLUDE_IN_FRAMEWORK_HEADER = YES;
				CLANG_WARN_RANGE_LOOP_ANALYSIS = YES;
				CLANG_WARN_STRICT_PROTOTYPES = YES;
				CLANG_WARN_SUSPICIOUS_MOVE = YES;
				CLANG_WARN_UNGUARDED_AVAILABILITY = YES_AGGRESSIVE;
				CLANG_WARN_UNREACHABLE_CODE = YES;
				CLANG_WARN__DUPLICATE_METHOD_MATCH = YES;
				CODE_SIGN_STYLE = Automatic;
				COPY_PHASE_STRIP = NO;
				CURRENT_PROJECT_VERSION = 1;
				DEBUG_INFORMATION_FORMAT = dwarf;
				ENABLE_HARDENED_RUNTIME = YES;
				ENABLE_STRICT_OBJC_MSGSEND = YES;
				ENABLE_TESTABILITY = YES;
				GCC_C_LANGUAGE_STANDARD = gnu11;
				GCC_DYNAMIC_NO_PIC = NO;
				GCC_NO_COMMON_BLOCKS = YES;
				GCC_OPTIMIZATION_LEVEL = 0;
				GCC_PREPROCESSOR_DEFINITIONS = (
					"$(inherited)",
					"DEBUG=1",
				);
				GCC_WARN_64_TO_32_BIT_CONVERSION = YES;
				GCC_WARN_ABOUT_RETURN_TYPE = YES_ERROR;
				GCC_WARN_UNDECLARED_SELECTOR = YES;
				GCC_WARN_UNINITIALIZED_AUTOS = YES_AGGRESSIVE;
				GCC_WARN_UNUSED_FUNCTION = YES;
				GCC_WARN_UNUSED_VARIABLE = YES;
				MACOSX_DEPLOYMENT_TARGET = 26.0;
				MARKETING_VERSION = 0.1.0;
				MTL_ENABLE_DEBUG_INFO = INCLUDE_SOURCE;
				MTL_FAST_MATH = YES;
				ONLY_ACTIVE_ARCH = YES;
				PRODUCT_NAME = "$(TARGET_NAME)";
				SDKROOT = macosx;
				SWIFT_ACTIVE_COMPILATION_CONDITIONS = DEBUG;
				SWIFT_APPROACHABLE_CONCURRENCY = YES;
				SWIFT_DEFAULT_ACTOR_ISOLATION = MainActor;
				SWIFT_OPTIMIZATION_LEVEL = "-Onone";
				SWIFT_VERSION = 5.9;
			};
			name = Debug;
		};
		FC1B3AB16075326E105FC231 /* Release */ = {
			isa = XCBuildConfiguration;
			buildSettings = {
				ALWAYS_SEARCH_USER_PATHS = NO;
				CLANG_ANALYZER_NONNULL = YES;
				CLANG_ANALYZER_NUMBER_OBJECT_CONVERSION = YES_AGGRESSIVE;
				CLANG_CXX_LANGUAGE_STANDARD = "gnu++14";
				CLANG_CXX_LIBRARY = "libc++";
				CLANG_ENABLE_MODULES = YES;
				CLANG_ENABLE_OBJC_ARC = YES;
				CLANG_ENABLE_OBJC_WEAK = YES;
				CLANG_WARN_BLOCK_CAPTURE_AUTORELEASING = YES;
				CLANG_WARN_BOOL_CONVERSION = YES;
				CLANG_WARN_COMMA = YES;
				CLANG_WARN_CONSTANT_CONVERSION = YES;
				CLANG_WARN_DEPRECATED_OBJC_IMPLEMENTATIONS = YES;
				CLANG_WARN_DIRECT_OBJC_ISA_USAGE = YES_ERROR;
				CLANG_WARN_DOCUMENTATION_COMMENTS = YES;
				CLANG_WARN_EMPTY_BODY = YES;
				CLANG_WARN_ENUM_CONVERSION = YES;
				CLANG_WARN_INFINITE_RECURSION = YES;
				CLANG_WARN_INT_CONVERSION = YES;
				CLANG_WARN_NON_LITERAL_NULL_CONVERSION = YES;
				CLANG_WARN_OBJC_IMPLICIT_RETAIN_SELF = YES;
				CLANG_WARN_OBJC_LITERAL_CONVERSION = YES;
				CLANG_WARN_OBJC_ROOT_CLASS = YES_ERROR;
				CLANG_WARN_QUOTED_INCLUDE_IN_FRAMEWORK_HEADER = YES;
				CLANG_WARN_RANGE_LOOP_ANALYSIS = YES;
				CLANG_WARN_STRICT_PROTOTYPES = YES;
				CLANG_WARN_SUSPICIOUS_MOVE = YES;
				CLANG_WARN_UNGUARDED_AVAILABILITY = YES_AGGRESSIVE;
				CLANG_WARN_UNREACHABLE_CODE = YES;
				CLANG_WARN__DUPLICATE_METHOD_MATCH = YES;
				CODE_SIGN_STYLE = Automatic;
				COPY_PHASE_STRIP = NO;
				CURRENT_PROJECT_VERSION = 1;
				DEBUG_INFORMATION_FORMAT = "dwarf-with-dsym";
				DEVELOPMENT_TEAM = XXXXXXXXXX;
				ENABLE_HARDENED_RUNTIME = YES;
				ENABLE_NS_ASSERTIONS = NO;
				ENABLE_STRICT_OBJC_MSGSEND = YES;
				GCC_C_LANGUAGE_STANDARD = gnu11;
				GCC_NO_COMMON_BLOCKS = YES;
				GCC_WARN_64_TO_32_BIT_CONVERSION = YES;
				GCC_WARN_ABOUT_RETURN_TYPE = YES_ERROR;
				GCC_WARN_UNDECLARED_SELECTOR = YES;
				GCC_WARN_UNINITIALIZED_AUTOS = YES_AGGRESSIVE;
				GCC_WARN_UNUSED_FUNCTION = YES;
				GCC_WARN_UNUSED_VARIABLE = YES;
				MACOSX_DEPLOYMENT_TARGET = 26.0;
				MARKETING_VERSION = 0.1.0;
				MTL_ENABLE_DEBUG_INFO = NO;
				MTL_FAST_MATH = YES;
				PRODUCT_NAME = "$(TARGET_NAME)";
				SDKROOT = macosx;
				SWIFT_APPROACHABLE_CONCURRENCY = YES;
				SWIFT_COMPILATION_MODE = wholemodule;
				SWIFT_DEFAULT_ACTOR_ISOLATION = MainActor;
				SWIFT_OPTIMIZATION_LEVEL = "-O";
				SWIFT_VERSION = 5.9;
			};
			name = Release;
		};
/* End XCBuildConfiguration section */

/* Begin XCConfigurationList section */
		11644E12E4E096464A3FE521 /* Build configuration list for PBXNativeTarget "MLXBits Image Studio" */ = {
			isa = XCConfigurationList;
			buildConfigurations = (
				0B11ECDD2C74C4303160A53E /* Debug */,
				13DBFCB45D040ECB77F5F2F6 /* Release */,
			);
			defaultConfigurationIsVisible = 0;
			defaultConfigurationName = Debug;
		};
		80B2D1A9A84BE0DFA37267DB /* Build configuration list for PBXProject "MLXBits Image Studio" */ = {
			isa = XCConfigurationList;
			buildConfigurations = (
				99A79175BAB8DC0E2C7FADCA /* Debug */,
				FC1B3AB16075326E105FC231 /* Release */,
			);
			defaultConfigurationIsVisible = 0;
			defaultConfigurationName = Debug;
		};
/* End XCConfigurationList section */
	};
	rootObject = 9AEA2A5DAB777680E33673B0 /* Project object */;
}
